<Solution>
  <Project Path="../../tests/ServiceDesk.Application.Tests/ServiceDesk.Application.Tests.csproj" />
  <Project Path="../../tests/ServiceDesk.ArchitectureTests/ServiceDesk.ArchitectureTests.csproj" />
  <Project Path="../../tests/ServiceDesk.Domain.Tests/ServiceDesk.Domain.Tests.csproj" />
  <Project Path="../../tests/ServiceDesk.IntegrationTests/ServiceDesk.IntegrationTests.csproj" />
  <Project Path="ServiceDesk.Api/ServiceDesk.Api.csproj" />
  <Project Path="ServiceDesk.Application/ServiceDesk.Application.csproj" />
  <Project Path="ServiceDesk.Domain/ServiceDesk.Domain.csproj" />
  <Project Path="ServiceDesk.Infrastructure/ServiceDesk.Infrastructure.csproj" />
  <Project Path="ServiceDesk.Worker/ServiceDesk.Worker.csproj" />
</Solution>
